
Microsoft Visual Studio Solution File, Format Version 12.00
# Visual Studio Version 16
VisualStudioVersion = 16.0.30114.105
MinimumVisualStudioVersion = 10.0.40219.1
Project("{2150E333-8FDC-42A3-9474-1A3956D46DE8}") = "Task", "Task", "{F2877468-4E8E-4517-AF8F-52BF7F181294}"
EndProject
Project("{FAE04EC0-301F-11D3-BF4B-00C04F79EFBC}") = "Api", "Task\Api\Api.csproj", "{7212FA45-FC44-454C-9147-FC19907B13B1}"
EndProject
Global
	GlobalSection(SolutionConfigurationPlatforms) = preSolution
		Debug|Any CPU = Debug|Any CPU
		Release|Any CPU = Release|Any CPU
	EndGlobalSection
	GlobalSection(SolutionProperties) = preSolution
		HideSolutionNode = FALSE
	EndGlobalSection
	GlobalSection(ProjectConfigurationPlatforms) = postSolution
		{7212FA45-FC44-454C-9147-FC19907B13B1}.Debug|Any CPU.ActiveCfg = Debug|Any CPU
		{7212FA45-FC44-454C-9147-FC19907B13B1}.Debug|Any CPU.Build.0 = Debug|Any CPU
		{7212FA45-FC44-454C-9147-FC19907B13B1}.Release|Any CPU.ActiveCfg = Release|Any CPU
		{7212FA45-FC44-454C-9147-FC19907B13B1}.Release|Any CPU.Build.0 = Release|Any CPU
	EndGlobalSection
	GlobalSection(NestedProjects) = preSolution
		{7212FA45-FC44-454C-9147-FC19907B13B1} = {F2877468-4E8E-4517-AF8F-52BF7F181294}
	EndGlobalSection
EndGlobal
